
Microsoft Visual Studio Solution File, Format Version 12.00
# Visual Studio 15
VisualStudioVersion = 15.0.28010.2026
MinimumVisualStudioVersion = 10.0.40219.1
Project("{FAE04EC0-301F-11D3-BF4B-00C04F79EFBC}") = "Homework", "Homework\Homework.csproj", "{FCD2ACD4-B37F-4ECB-BEFE-A64F3FC1587B}"
EndProject
Project("{FAE04EC0-301F-11D3-BF4B-00C04F79EFBC}") = "HomeworkTests", "HomeworkTests\HomeworkTests.csproj", "{3851E3C7-C835-4E7B-B559-1FB07C3AF460}"
EndProject
Global
	GlobalSection(SolutionConfigurationPlatforms) = preSolution
		Debug|Any CPU = Debug|Any CPU
		Release|Any CPU = Release|Any CPU
	EndGlobalSection
	GlobalSection(ProjectConfigurationPlatforms) = postSolution
		{FCD2ACD4-B37F-4ECB-BEFE-A64F3FC1587B}.Debug|Any CPU.ActiveCfg = Debug|Any CPU
		{FCD2ACD4-B37F-4ECB-BEFE-A64F3FC1587B}.Debug|Any CPU.Build.0 = Debug|Any CPU
		{FCD2ACD4-B37F-4ECB-BEFE-A64F3FC1587B}.Release|Any CPU.ActiveCfg = Release|Any CPU
		{FCD2ACD4-B37F-4ECB-BEFE-A64F3FC1587B}.Release|Any CPU.Build.0 = Release|Any CPU
		{3851E3C7-C835-4E7B-B559-1FB07C3AF460}.Debug|Any CPU.ActiveCfg = Debug|Any CPU
		{3851E3C7-C835-4E7B-B559-1FB07C3AF460}.Debug|Any CPU.Build.0 = Debug|Any CPU
		{3851E3C7-C835-4E7B-B559-1FB07C3AF460}.Release|Any CPU.ActiveCfg = Release|Any CPU
		{3851E3C7-C835-4E7B-B559-1FB07C3AF460}.Release|Any CPU.Build.0 = Release|Any CPU
	EndGlobalSection
	GlobalSection(SolutionProperties) = preSolution
		HideSolutionNode = FALSE
	EndGlobalSection
	GlobalSection(ExtensibilityGlobals) = postSolution
		SolutionGuid = {CF5ED472-8A75-497C-A88F-E36FDCB66467}
	EndGlobalSection
EndGlobal
